
Microsoft Visual Studio Solution File, Format Version 12.00
# Visual Studio Version 16
VisualStudioVersion = 25.0.1704.2
MinimumVisualStudioVersion = 10.0.40219.1
Project("{FAE04EC0-301F-11D3-BF4B-00C04F79EFBC}") = "WebsiteCrawler", "WebsiteCrawler\WebsiteCrawler.csproj", "{4D13898D-A0A1-4F55-8A2E-12ACCBC158C1}"
EndProject
Project("{2150E333-8FDC-42A3-9474-1A3956D46DE8}") = "Presentation", "Presentation", "{DCC4AC6F-1D2E-41DD-9D0B-D08B7785100D}"
EndProject
Project("{2150E333-8FDC-42A3-9474-1A3956D46DE8}") = "Repositories", "Repositories", "{1E2C5613-F1C0-45E8-A9C1-B70C99344145}"
EndProject
Project("{2150E333-8FDC-42A3-9474-1A3956D46DE8}") = "BusinessServices", "BusinessServices", "{826E82D2-7927-4A26-96EA-D7C69F63D918}"
EndProject
Project("{FAE04EC0-301F-11D3-BF4B-00C04F79EFBC}") = "WC.Data", "..\..\Repositories\WC.Data\WC.Data.csproj", "{1DA05F6A-B009-483B-92F6-B98951638F39}"
EndProject
Project("{FAE04EC0-301F-11D3-BF4B-00C04F79EFBC}") = "WC.Data.Models", "..\..\Repositories\WC.Data.Models\WC.Data.Models.csproj", "{90DF9DC2-3D9B-42CD-9FA6-0E527A310A1C}"
EndProject
Project("{2150E333-8FDC-42A3-9474-1A3956D46DE8}") = "ReadMore", "ReadMore", "{A01E8FDA-30DE-41A5-A77F-F6B786F6039D}"
EndProject
Global
	GlobalSection(SolutionConfigurationPlatforms) = preSolution
		Debug|Any CPU = Debug|Any CPU
		Release|Any CPU = Release|Any CPU
	EndGlobalSection
	GlobalSection(ProjectConfigurationPlatforms) = postSolution
		{4D13898D-A0A1-4F55-8A2E-12ACCBC158C1}.Debug|Any CPU.ActiveCfg = Debug|Any CPU
		{4D13898D-A0A1-4F55-8A2E-12ACCBC158C1}.Debug|Any CPU.Build.0 = Debug|Any CPU
		{4D13898D-A0A1-4F55-8A2E-12ACCBC158C1}.Release|Any CPU.ActiveCfg = Release|Any CPU
		{4D13898D-A0A1-4F55-8A2E-12ACCBC158C1}.Release|Any CPU.Build.0 = Release|Any CPU
		{1DA05F6A-B009-483B-92F6-B98951638F39}.Debug|Any CPU.ActiveCfg = Debug|Any CPU
		{1DA05F6A-B009-483B-92F6-B98951638F39}.Debug|Any CPU.Build.0 = Debug|Any CPU
		{1DA05F6A-B009-483B-92F6-B98951638F39}.Release|Any CPU.ActiveCfg = Release|Any CPU
		{1DA05F6A-B009-483B-92F6-B98951638F39}.Release|Any CPU.Build.0 = Release|Any CPU
		{90DF9DC2-3D9B-42CD-9FA6-0E527A310A1C}.Debug|Any CPU.ActiveCfg = Debug|Any CPU
		{90DF9DC2-3D9B-42CD-9FA6-0E527A310A1C}.Debug|Any CPU.Build.0 = Debug|Any CPU
		{90DF9DC2-3D9B-42CD-9FA6-0E527A310A1C}.Release|Any CPU.ActiveCfg = Release|Any CPU
		{90DF9DC2-3D9B-42CD-9FA6-0E527A310A1C}.Release|Any CPU.Build.0 = Release|Any CPU
	EndGlobalSection
	GlobalSection(SolutionProperties) = preSolution
		HideSolutionNode = FALSE
	EndGlobalSection
	GlobalSection(ExtensibilityGlobals) = postSolution
		SolutionGuid = {3C09BEF5-2CE2-46BE-BCB1-20F2FEE035AC}
	EndGlobalSection
	GlobalSection(NestedProjects) = preSolution
		{4D13898D-A0A1-4F55-8A2E-12ACCBC158C1} = {DCC4AC6F-1D2E-41DD-9D0B-D08B7785100D}
		{1DA05F6A-B009-483B-92F6-B98951638F39} = {1E2C5613-F1C0-45E8-A9C1-B70C99344145}
		{90DF9DC2-3D9B-42CD-9FA6-0E527A310A1C} = {1E2C5613-F1C0-45E8-A9C1-B70C99344145}
	EndGlobalSection
EndGlobal
